// !$*UTF8*$!
{
	archiveVersion = 1;
	classes = {
	};
	objectVersion = 51;
	objects = {

/* Begin PBXBuildFile section */
		1844D88D25640C9E0045B68D /* Constants.swift in Sources */ = {isa = PBXBuildFile; fileRef = 1844D88C25640C9E0045B68D /* Constants.swift */; };
		1844D896256424BA0045B68D /* RecipesQueryNetworkManager.swift in Sources */ = {isa = PBXBuildFile; fileRef = 1844D895256424BA0045B68D /* RecipesQueryNetworkManager.swift */; };
		1844D8A1256427000045B68D /* AlertManager.swift in Sources */ = {isa = PBXBuildFile; fileRef = 1844D8A0256427000045B68D /* AlertManager.swift */; };
		1844D8A625642C0B0045B68D /* ServiceContainer.swift in Sources */ = {isa = PBXBuildFile; fileRef = 1844D8A525642C0B0045B68D /* ServiceContainer.swift */; };
		1844D8AB25646A480045B68D /* Recipes.swift in Sources */ = {isa = PBXBuildFile; fileRef = 1844D8AA25646A480045B68D /* Recipes.swift */; };
		1844D8B7256474F70045B68D /* NetworkError.swift in Sources */ = {isa = PBXBuildFile; fileRef = 1844D8B6256474F70045B68D /* NetworkError.swift */; };
		1844D8BC25649FBF0045B68D /* RecipeImageNetworkManager.swift in Sources */ = {isa = PBXBuildFile; fileRef = 1844D8BB25649FBF0045B68D /* RecipeImageNetworkManager.swift */; };
		1844D8D62564A8DC0045B68D /* DisplayableRecipe.swift in Sources */ = {isa = PBXBuildFile; fileRef = 1844D8D52564A8DC0045B68D /* DisplayableRecipe.swift */; };
		1844D8DC2566BB430045B68D /* UIRoundedButton.swift in Sources */ = {isa = PBXBuildFile; fileRef = 1844D8DB2566BB430045B68D /* UIRoundedButton.swift */; };
		1844D8E72566BCD20045B68D /* UIRoundedView.swift in Sources */ = {isa = PBXBuildFile; fileRef = 1844D8E62566BCD20045B68D /* UIRoundedView.swift */; };
		1844D8F42566BE8D0045B68D /* UIGradientView.swift in Sources */ = {isa = PBXBuildFile; fileRef = 1844D8F32566BE8D0045B68D /* UIGradientView.swift */; };
		18A5D02D2563099D00A3B639 /* AppDelegate.swift in Sources */ = {isa = PBXBuildFile; fileRef = 18A5D02C2563099D00A3B639 /* AppDelegate.swift */; };
		18A5D02F2563099D00A3B639 /* SceneDelegate.swift in Sources */ = {isa = PBXBuildFile; fileRef = 18A5D02E2563099D00A3B639 /* SceneDelegate.swift */; };
		18A5D0342563099D00A3B639 /* Main.storyboard in Resources */ = {isa = PBXBuildFile; fileRef = 18A5D0322563099D00A3B639 /* Main.storyboard */; };
		18A5D0372563099D00A3B639 /* Reciplease.xcdatamodeld in Sources */ = {isa = PBXBuildFile; fileRef = 18A5D0352563099D00A3B639 /* Reciplease.xcdatamodeld */; };
		18A5D0392563099F00A3B639 /* Assets.xcassets in Resources */ = {isa = PBXBuildFile; fileRef = 18A5D0382563099F00A3B639 /* Assets.xcassets */; };
		18A5D03C2563099F00A3B639 /* LaunchScreen.storyboard in Resources */ = {isa = PBXBuildFile; fileRef = 18A5D03A2563099F00A3B639 /* LaunchScreen.storyboard */; };
		18A5D047256309A000A3B639 /* RecipleaseTests.swift in Sources */ = {isa = PBXBuildFile; fileRef = 18A5D046256309A000A3B639 /* RecipleaseTests.swift */; };
		18A5D052256309A000A3B639 /* RecipleaseUITests.swift in Sources */ = {isa = PBXBuildFile; fileRef = 18A5D051256309A000A3B639 /* RecipleaseUITests.swift */; };
		18A5D0702563189600A3B639 /* brandon-grotesque-light-58a8a4b38001d.otf in Resources */ = {isa = PBXBuildFile; fileRef = 18A5D06F2563189600A3B639 /* brandon-grotesque-light-58a8a4b38001d.otf */; };
		18CC0BA825703836003DD6F0 /* RecipeTableViewController.swift in Sources */ = {isa = PBXBuildFile; fileRef = 18CC0BA725703836003DD6F0 /* RecipeTableViewController.swift */; };
		18CC0BAD25704145003DD6F0 /* RecipeTableViewCell.swift in Sources */ = {isa = PBXBuildFile; fileRef = 18CC0BAC25704145003DD6F0 /* RecipeTableViewCell.swift */; };
		18CC0BC52576D193003DD6F0 /* DetailledRecipeViewController.swift in Sources */ = {isa = PBXBuildFile; fileRef = 18CC0BC42576D193003DD6F0 /* DetailledRecipeViewController.swift */; };
		18CC0BEB25780663003DD6F0 /* RecipeData.swift in Sources */ = {isa = PBXBuildFile; fileRef = 18CC0BEA25780663003DD6F0 /* RecipeData.swift */; };
		18CC0BF02579C6BE003DD6F0 /* RecipeDataManager.swift in Sources */ = {isa = PBXBuildFile; fileRef = 18CC0BEF2579C6BE003DD6F0 /* RecipeDataManager.swift */; };
		18DD6C57256340700093ECAC /* SearchViewController.swift in Sources */ = {isa = PBXBuildFile; fileRef = 18DD6C56256340700093ECAC /* SearchViewController.swift */; };
		A78D61986C1882DC91426B23 /* Pods_Reciplease.framework in Frameworks */ = {isa = PBXBuildFile; fileRef = 4061B2D62690D0711BEDF26F /* Pods_Reciplease.framework */; };
		AAA597DF668A24CF0DE2188D /* Pods_RecipleaseTests.framework in Frameworks */ = {isa = PBXBuildFile; fileRef = C574ADB9CBA67CC57270B4FA /* Pods_RecipleaseTests.framework */; };
		D55F1B6354D4CF32FF6D6C2E /* Pods_Reciplease_RecipleaseUITests.framework in Frameworks */ = {isa = PBXBuildFile; fileRef = 13C4043D1D6FB4A636AA749E /* Pods_Reciplease_RecipleaseUITests.framework */; };
/* End PBXBuildFile section */

/* Begin PBXContainerItemProxy section */
		18A5D043256309A000A3B639 /* PBXContainerItemProxy */ = {
			isa = PBXContainerItemProxy;
			containerPortal = 18A5D0212563099D00A3B639 /* Project object */;
			proxyType = 1;
			remoteGlobalIDString = 18A5D0282563099D00A3B639;
			remoteInfo = Reciplease;
		};
		18A5D04E256309A000A3B639 /* PBXContainerItemProxy */ = {
			isa = PBXContainerItemProxy;
			containerPortal = 18A5D0212563099D00A3B639 /* Project object */;
			proxyType = 1;
			remoteGlobalIDString = 18A5D0282563099D00A3B639;
			remoteInfo = Reciplease;
		};
/* End PBXContainerItemProxy section */

/* Begin PBXFileReference section */
		13C4043D1D6FB4A636AA749E /* Pods_Reciplease_RecipleaseUITests.framework */ = {isa = PBXFileReference; explicitFileType = wrapper.framework; includeInIndex = 0; path = Pods_Reciplease_RecipleaseUITests.framework; sourceTree = BUILT_PRODUCTS_DIR; };
		1844D88C25640C9E0045B68D /* Constants.swift */ = {isa = PBXFileReference; lastKnownFileType = sourcecode.swift; path = Constants.swift; sourceTree = "<group>"; };
		1844D895256424BA0045B68D /* RecipesQueryNetworkManager.swift */ = {isa = PBXFileReference; lastKnownFileType = sourcecode.swift; path = RecipesQueryNetworkManager.swift; sourceTree = "<group>"; };
		1844D8A0256427000045B68D /* AlertManager.swift */ = {isa = PBXFileReference; lastKnownFileType = sourcecode.swift; path = AlertManager.swift; sourceTree = "<group>"; };
		1844D8A525642C0B0045B68D /* ServiceContainer.swift */ = {isa = PBXFileReference; lastKnownFileType = sourcecode.swift; path = ServiceContainer.swift; sourceTree = "<group>"; };
		1844D8AA25646A480045B68D /* Recipes.swift */ = {isa = PBXFileReference; lastKnownFileType = sourcecode.swift; path = Recipes.swift; sourceTree = "<group>"; };
		1844D8B6256474F70045B68D /* NetworkError.swift */ = {isa = PBXFileReference; lastKnownFileType = sourcecode.swift; path = NetworkError.swift; sourceTree = "<group>"; };
		1844D8BB25649FBF0045B68D /* RecipeImageNetworkManager.swift */ = {isa = PBXFileReference; lastKnownFileType = sourcecode.swift; path = RecipeImageNetworkManager.swift; sourceTree = "<group>"; };
		1844D8D52564A8DC0045B68D /* DisplayableRecipe.swift */ = {isa = PBXFileReference; lastKnownFileType = sourcecode.swift; path = DisplayableRecipe.swift; sourceTree = "<group>"; };
		1844D8DB2566BB430045B68D /* UIRoundedButton.swift */ = {isa = PBXFileReference; lastKnownFileType = sourcecode.swift; path = UIRoundedButton.swift; sourceTree = "<group>"; };
		1844D8E62566BCD20045B68D /* UIRoundedView.swift */ = {isa = PBXFileReference; lastKnownFileType = sourcecode.swift; path = UIRoundedView.swift; sourceTree = "<group>"; };
		1844D8F32566BE8D0045B68D /* UIGradientView.swift */ = {isa = PBXFileReference; lastKnownFileType = sourcecode.swift; path = UIGradientView.swift; sourceTree = "<group>"; };
		18A5D0292563099D00A3B639 /* Reciplease.app */ = {isa = PBXFileReference; explicitFileType = wrapper.application; includeInIndex = 0; path = Reciplease.app; sourceTree = BUILT_PRODUCTS_DIR; };
		18A5D02C2563099D00A3B639 /* AppDelegate.swift */ = {isa = PBXFileReference; lastKnownFileType = sourcecode.swift; path = AppDelegate.swift; sourceTree = "<group>"; };
		18A5D02E2563099D00A3B639 /* SceneDelegate.swift */ = {isa = PBXFileReference; lastKnownFileType = sourcecode.swift; path = SceneDelegate.swift; sourceTree = "<group>"; };
		18A5D0332563099D00A3B639 /* Base */ = {isa = PBXFileReference; lastKnownFileType = file.storyboard; name = Base; path = Base.lproj/Main.storyboard; sourceTree = "<group>"; };
		18A5D0362563099D00A3B639 /* Reciplease.xcdatamodel */ = {isa = PBXFileReference; lastKnownFileType = wrapper.xcdatamodel; path = Reciplease.xcdatamodel; sourceTree = "<group>"; };
		18A5D0382563099F00A3B639 /* Assets.xcassets */ = {isa = PBXFileReference; lastKnownFileType = folder.assetcatalog; path = Assets.xcassets; sourceTree = "<group>"; };
		18A5D03B2563099F00A3B639 /* Base */ = {isa = PBXFileReference; lastKnownFileType = file.storyboard; name = Base; path = Base.lproj/LaunchScreen.storyboard; sourceTree = "<group>"; };
		18A5D03D2563099F00A3B639 /* Info.plist */ = {isa = PBXFileReference; lastKnownFileType = text.plist.xml; path = Info.plist; sourceTree = "<group>"; };
		18A5D042256309A000A3B639 /* RecipleaseTests.xctest */ = {isa = PBXFileReference; explicitFileType = wrapper.cfbundle; includeInIndex = 0; path = RecipleaseTests.xctest; sourceTree = BUILT_PRODUCTS_DIR; };
		18A5D046256309A000A3B639 /* RecipleaseTests.swift */ = {isa = PBXFileReference; lastKnownFileType = sourcecode.swift; path = RecipleaseTests.swift; sourceTree = "<group>"; };
		18A5D048256309A000A3B639 /* Info.plist */ = {isa = PBXFileReference; lastKnownFileType = text.plist.xml; path = Info.plist; sourceTree = "<group>"; };
		18A5D04D256309A000A3B639 /* RecipleaseUITests.xctest */ = {isa = PBXFileReference; explicitFileType = wrapper.cfbundle; includeInIndex = 0; path = RecipleaseUITests.xctest; sourceTree = BUILT_PRODUCTS_DIR; };
		18A5D051256309A000A3B639 /* RecipleaseUITests.swift */ = {isa = PBXFileReference; lastKnownFileType = sourcecode.swift; path = RecipleaseUITests.swift; sourceTree = "<group>"; };
		18A5D053256309A000A3B639 /* Info.plist */ = {isa = PBXFileReference; lastKnownFileType = text.plist.xml; path = Info.plist; sourceTree = "<group>"; };
		18A5D06F2563189600A3B639 /* brandon-grotesque-light-58a8a4b38001d.otf */ = {isa = PBXFileReference; lastKnownFileType = file; path = "brandon-grotesque-light-58a8a4b38001d.otf"; sourceTree = "<group>"; };
		18CC0BA725703836003DD6F0 /* RecipeTableViewController.swift */ = {isa = PBXFileReference; lastKnownFileType = sourcecode.swift; path = RecipeTableViewController.swift; sourceTree = "<group>"; };
		18CC0BAC25704145003DD6F0 /* RecipeTableViewCell.swift */ = {isa = PBXFileReference; lastKnownFileType = sourcecode.swift; path = RecipeTableViewCell.swift; sourceTree = "<group>"; };
		18CC0BC42576D193003DD6F0 /* DetailledRecipeViewController.swift */ = {isa = PBXFileReference; lastKnownFileType = sourcecode.swift; path = DetailledRecipeViewController.swift; sourceTree = "<group>"; };
		18CC0BEA25780663003DD6F0 /* RecipeData.swift */ = {isa = PBXFileReference; lastKnownFileType = sourcecode.swift; path = RecipeData.swift; sourceTree = "<group>"; };
		18CC0BEF2579C6BE003DD6F0 /* RecipeDataManager.swift */ = {isa = PBXFileReference; lastKnownFileType = sourcecode.swift; path = RecipeDataManager.swift; sourceTree = "<group>"; };
		18DD6C56256340700093ECAC /* SearchViewController.swift */ = {isa = PBXFileReference; lastKnownFileType = sourcecode.swift; path = SearchViewController.swift; sourceTree = "<group>"; };
		3982614C53FCF694E1552492 /* Pods-Reciplease.debug.xcconfig */ = {isa = PBXFileReference; includeInIndex = 1; lastKnownFileType = text.xcconfig; name = "Pods-Reciplease.debug.xcconfig"; path = "Target Support Files/Pods-Reciplease/Pods-Reciplease.debug.xcconfig"; sourceTree = "<group>"; };
		4061B2D62690D0711BEDF26F /* Pods_Reciplease.framework */ = {isa = PBXFileReference; explicitFileType = wrapper.framework; includeInIndex = 0; path = Pods_Reciplease.framework; sourceTree = BUILT_PRODUCTS_DIR; };
		992A64882551F33F559DACB5 /* Pods-RecipleaseTests.debug.xcconfig */ = {isa = PBXFileReference; includeInIndex = 1; lastKnownFileType = text.xcconfig; name = "Pods-RecipleaseTests.debug.xcconfig"; path = "Target Support Files/Pods-RecipleaseTests/Pods-RecipleaseTests.debug.xcconfig"; sourceTree = "<group>"; };
		AF5505037C686F266CA28785 /* Pods-RecipleaseTests.release.xcconfig */ = {isa = PBXFileReference; includeInIndex = 1; lastKnownFileType = text.xcconfig; name = "Pods-RecipleaseTests.release.xcconfig"; path = "Target Support Files/Pods-RecipleaseTests/Pods-RecipleaseTests.release.xcconfig"; sourceTree = "<group>"; };
		C574ADB9CBA67CC57270B4FA /* Pods_RecipleaseTests.framework */ = {isa = PBXFileReference; explicitFileType = wrapper.framework; includeInIndex = 0; path = Pods_RecipleaseTests.framework; sourceTree = BUILT_PRODUCTS_DIR; };
		CAA7BF68CC19C8C09A713D11 /* Pods-Reciplease-RecipleaseUITests.release.xcconfig */ = {isa = PBXFileReference; includeInIndex = 1; lastKnownFileType = text.xcconfig; name = "Pods-Reciplease-RecipleaseUITests.release.xcconfig"; path = "Target Support Files/Pods-Reciplease-RecipleaseUITests/Pods-Reciplease-RecipleaseUITests.release.xcconfig"; sourceTree = "<group>"; };
		E7BEE916253301E03E21B07F /* Pods-Reciplease-RecipleaseUITests.debug.xcconfig */ = {isa = PBXFileReference; includeInIndex = 1; lastKnownFileType = text.xcconfig; name = "Pods-Reciplease-RecipleaseUITests.debug.xcconfig"; path = "Target Support Files/Pods-Reciplease-RecipleaseUITests/Pods-Reciplease-RecipleaseUITests.debug.xcconfig"; sourceTree = "<group>"; };
		EE7A6A15F5AC0E7707D69AD3 /* Pods-Reciplease.release.xcconfig */ = {isa = PBXFileReference; includeInIndex = 1; lastKnownFileType = text.xcconfig; name = "Pods-Reciplease.release.xcconfig"; path = "Target Support Files/Pods-Reciplease/Pods-Reciplease.release.xcconfig"; sourceTree = "<group>"; };
/* End PBXFileReference section */

/* Begin PBXFrameworksBuildPhase section */
		18A5D0262563099D00A3B639 /* Frameworks */ = {
			isa = PBXFrameworksBuildPhase;
			buildActionMask = 2147483647;
			files = (
				A78D61986C1882DC91426B23 /* Pods_Reciplease.framework in Frameworks */,
			);
			runOnlyForDeploymentPostprocessing = 0;
		};
		18A5D03F256309A000A3B639 /* Frameworks */ = {
			isa = PBXFrameworksBuildPhase;
			buildActionMask = 2147483647;
			files = (
				AAA597DF668A24CF0DE2188D /* Pods_RecipleaseTests.framework in Frameworks */,
			);
			runOnlyForDeploymentPostprocessing = 0;
		};
		18A5D04A256309A000A3B639 /* Frameworks */ = {
			isa = PBXFrameworksBuildPhase;
			buildActionMask = 2147483647;
			files = (
				D55F1B6354D4CF32FF6D6C2E /* Pods_Reciplease_RecipleaseUITests.framework in Frameworks */,
			);
			runOnlyForDeploymentPostprocessing = 0;
		};
/* End PBXFrameworksBuildPhase section */

/* Begin PBXGroup section */
		1844D8DA2566BB270045B68D /* Custom Views */ = {
			isa = PBXGroup;
			children = (
				1844D8DB2566BB430045B68D /* UIRoundedButton.swift */,
				1844D8E62566BCD20045B68D /* UIRoundedView.swift */,
				1844D8F32566BE8D0045B68D /* UIGradientView.swift */,
				18CC0BAC25704145003DD6F0 /* RecipeTableViewCell.swift */,
			);
			path = "Custom Views";
			sourceTree = "<group>";
		};
		1844D8F82566BF9F0045B68D /* Storyboards */ = {
			isa = PBXGroup;
			children = (
				18A5D03A2563099F00A3B639 /* LaunchScreen.storyboard */,
				18A5D0322563099D00A3B639 /* Main.storyboard */,
			);
			path = Storyboards;
			sourceTree = "<group>";
		};
		18A5D0202563099D00A3B639 = {
			isa = PBXGroup;
			children = (
				18A5D02B2563099D00A3B639 /* Reciplease */,
				18A5D045256309A000A3B639 /* RecipleaseTests */,
				18A5D050256309A000A3B639 /* RecipleaseUITests */,
				18A5D02A2563099D00A3B639 /* Products */,
				A5D102168A3E564C1DFA53EB /* Pods */,
				CE64EC05DE7FF28CD7B13FE0 /* Frameworks */,
			);
			sourceTree = "<group>";
		};
		18A5D02A2563099D00A3B639 /* Products */ = {
			isa = PBXGroup;
			children = (
				18A5D0292563099D00A3B639 /* Reciplease.app */,
				18A5D042256309A000A3B639 /* RecipleaseTests.xctest */,
				18A5D04D256309A000A3B639 /* RecipleaseUITests.xctest */,
			);
			name = Products;
			sourceTree = "<group>";
		};
		18A5D02B2563099D00A3B639 /* Reciplease */ = {
			isa = PBXGroup;
			children = (
				18A5D062256309B200A3B639 /* Model */,
				18A5D066256309D400A3B639 /* Storage */,
				18A5D065256309CB00A3B639 /* Network */,
				18A5D064256309C300A3B639 /* Controller */,
				18A5D063256309BA00A3B639 /* View */,
				18A5D067256309DF00A3B639 /* Supporting Files */,
			);
			path = Reciplease;
			sourceTree = "<group>";
		};
		18A5D045256309A000A3B639 /* RecipleaseTests */ = {
			isa = PBXGroup;
			children = (
				18A5D046256309A000A3B639 /* RecipleaseTests.swift */,
				18A5D048256309A000A3B639 /* Info.plist */,
			);
			path = RecipleaseTests;
			sourceTree = "<group>";
		};
		18A5D050256309A000A3B639 /* RecipleaseUITests */ = {
			isa = PBXGroup;
			children = (
				18A5D051256309A000A3B639 /* RecipleaseUITests.swift */,
				18A5D053256309A000A3B639 /* Info.plist */,
			);
			path = RecipleaseUITests;
			sourceTree = "<group>";
		};
		18A5D062256309B200A3B639 /* Model */ = {
			isa = PBXGroup;
			children = (
				1844D8AA25646A480045B68D /* Recipes.swift */,
				1844D8D52564A8DC0045B68D /* DisplayableRecipe.swift */,
			);
			path = Model;
			sourceTree = "<group>";
		};
		18A5D063256309BA00A3B639 /* View */ = {
			isa = PBXGroup;
			children = (
				1844D8F82566BF9F0045B68D /* Storyboards */,
				1844D8DA2566BB270045B68D /* Custom Views */,
			);
			path = View;
			sourceTree = "<group>";
		};
		18A5D064256309C300A3B639 /* Controller */ = {
			isa = PBXGroup;
			children = (
				18DD6C56256340700093ECAC /* SearchViewController.swift */,
				1844D8A0256427000045B68D /* AlertManager.swift */,
				18CC0BA725703836003DD6F0 /* RecipeTableViewController.swift */,
				18CC0BC42576D193003DD6F0 /* DetailledRecipeViewController.swift */,
			);
			path = Controller;
			sourceTree = "<group>";
		};
		18A5D065256309CB00A3B639 /* Network */ = {
			isa = PBXGroup;
			children = (
				1844D895256424BA0045B68D /* RecipesQueryNetworkManager.swift */,
				1844D8BB25649FBF0045B68D /* RecipeImageNetworkManager.swift */,
				1844D8B6256474F70045B68D /* NetworkError.swift */,
			);
			path = Network;
			sourceTree = "<group>";
		};
		18A5D066256309D400A3B639 /* Storage */ = {
			isa = PBXGroup;
			children = (
				18A5D0352563099D00A3B639 /* Reciplease.xcdatamodeld */,
				18CC0BEA25780663003DD6F0 /* RecipeData.swift */,
				18CC0BEF2579C6BE003DD6F0 /* RecipeDataManager.swift */,
			);
			path = Storage;
			sourceTree = "<group>";
		};
		18A5D067256309DF00A3B639 /* Supporting Files */ = {
			isa = PBXGroup;
			children = (
				18A5D0382563099F00A3B639 /* Assets.xcassets */,
				18A5D06E2563180D00A3B639 /* Custom Fonts */,
				18A5D02C2563099D00A3B639 /* AppDelegate.swift */,
				18A5D02E2563099D00A3B639 /* SceneDelegate.swift */,
				18A5D03D2563099F00A3B639 /* Info.plist */,
				1844D88C25640C9E0045B68D /* Constants.swift */,
				1844D8A525642C0B0045B68D /* ServiceContainer.swift */,
			);
			path = "Supporting Files";
			sourceTree = "<group>";
		};
		18A5D06E2563180D00A3B639 /* Custom Fonts */ = {
			isa = PBXGroup;
			children = (
				18A5D06F2563189600A3B639 /* brandon-grotesque-light-58a8a4b38001d.otf */,
			);
			path = "Custom Fonts";
			sourceTree = "<group>";
		};
		A5D102168A3E564C1DFA53EB /* Pods */ = {
			isa = PBXGroup;
			children = (
				3982614C53FCF694E1552492 /* Pods-Reciplease.debug.xcconfig */,
				EE7A6A15F5AC0E7707D69AD3 /* Pods-Reciplease.release.xcconfig */,
				E7BEE916253301E03E21B07F /* Pods-Reciplease-RecipleaseUITests.debug.xcconfig */,
				CAA7BF68CC19C8C09A713D11 /* Pods-Reciplease-RecipleaseUITests.release.xcconfig */,
				992A64882551F33F559DACB5 /* Pods-RecipleaseTests.debug.xcconfig */,
				AF5505037C686F266CA28785 /* Pods-RecipleaseTests.release.xcconfig */,
			);
			path = Pods;
			sourceTree = "<group>";
		};
		CE64EC05DE7FF28CD7B13FE0 /* Frameworks */ = {
			isa = PBXGroup;
			children = (
				4061B2D62690D0711BEDF26F /* Pods_Reciplease.framework */,
				13C4043D1D6FB4A636AA749E /* Pods_Reciplease_RecipleaseUITests.framework */,
				C574ADB9CBA67CC57270B4FA /* Pods_RecipleaseTests.framework */,
			);
			name = Frameworks;
			sourceTree = "<group>";
		};
/* End PBXGroup section */

/* Begin PBXNativeTarget section */
		18A5D0282563099D00A3B639 /* Reciplease */ = {
			isa = PBXNativeTarget;
			buildConfigurationList = 18A5D056256309A000A3B639 /* Build configuration list for PBXNativeTarget "Reciplease" */;
			buildPhases = (
				3240EDC10979597F02ED2C52 /* [CP] Check Pods Manifest.lock */,
				18A5D0252563099D00A3B639 /* Sources */,
				18A5D0262563099D00A3B639 /* Frameworks */,
				18A5D0272563099D00A3B639 /* Resources */,
				9741E1756AF1A7A9013ECE87 /* [CP] Embed Pods Frameworks */,
			);
			buildRules = (
			);
			dependencies = (
			);
			name = Reciplease;
			productName = Reciplease;
			productReference = 18A5D0292563099D00A3B639 /* Reciplease.app */;
			productType = "com.apple.product-type.application";
		};
		18A5D041256309A000A3B639 /* RecipleaseTests */ = {
			isa = PBXNativeTarget;
			buildConfigurationList = 18A5D059256309A000A3B639 /* Build configuration list for PBXNativeTarget "RecipleaseTests" */;
			buildPhases = (
				7FDB9332A01AB3AC718B8681 /* [CP] Check Pods Manifest.lock */,
				18A5D03E256309A000A3B639 /* Sources */,
				18A5D03F256309A000A3B639 /* Frameworks */,
				18A5D040256309A000A3B639 /* Resources */,
			);
			buildRules = (
			);
			dependencies = (
				18A5D044256309A000A3B639 /* PBXTargetDependency */,
			);
			name = RecipleaseTests;
			productName = RecipleaseTests;
			productReference = 18A5D042256309A000A3B639 /* RecipleaseTests.xctest */;
			productType = "com.apple.product-type.bundle.unit-test";
		};
		18A5D04C256309A000A3B639 /* RecipleaseUITests */ = {
			isa = PBXNativeTarget;
			buildConfigurationList = 18A5D05C256309A000A3B639 /* Build configuration list for PBXNativeTarget "RecipleaseUITests" */;
			buildPhases = (
				D8D8B60D726E2F5BBBC4E7B5 /* [CP] Check Pods Manifest.lock */,
				18A5D049256309A000A3B639 /* Sources */,
				18A5D04A256309A000A3B639 /* Frameworks */,
				18A5D04B256309A000A3B639 /* Resources */,
				3184FDEA5E4806BA8ECF22AF /* [CP] Embed Pods Frameworks */,
			);
			buildRules = (
			);
			dependencies = (
				18A5D04F256309A000A3B639 /* PBXTargetDependency */,
			);
			name = RecipleaseUITests;
			productName = RecipleaseUITests;
			productReference = 18A5D04D256309A000A3B639 /* RecipleaseUITests.xctest */;
			productType = "com.apple.product-type.bundle.ui-testing";
		};
/* End PBXNativeTarget section */

/* Begin PBXProject section */
		18A5D0212563099D00A3B639 /* Project object */ = {
			isa = PBXProject;
			attributes = {
				LastSwiftUpdateCheck = 1220;
				LastUpgradeCheck = 1220;
				TargetAttributes = {
					18A5D0282563099D00A3B639 = {
						CreatedOnToolsVersion = 12.2;
					};
					18A5D041256309A000A3B639 = {
						CreatedOnToolsVersion = 12.2;
						TestTargetID = 18A5D0282563099D00A3B639;
					};
					18A5D04C256309A000A3B639 = {
						CreatedOnToolsVersion = 12.2;
						TestTargetID = 18A5D0282563099D00A3B639;
					};
				};
			};
			buildConfigurationList = 18A5D0242563099D00A3B639 /* Build configuration list for PBXProject "Reciplease" */;
			compatibilityVersion = "Xcode 9.3";
			developmentRegion = en;
			hasScannedForEncodings = 0;
			knownRegions = (
				en,
				Base,
			);
			mainGroup = 18A5D0202563099D00A3B639;
			productRefGroup = 18A5D02A2563099D00A3B639 /* Products */;
			projectDirPath = "";
			projectRoot = "";
			targets = (
				18A5D0282563099D00A3B639 /* Reciplease */,
				18A5D041256309A000A3B639 /* RecipleaseTests */,
				18A5D04C256309A000A3B639 /* RecipleaseUITests */,
			);
		};
/* End PBXProject section */

/* Begin PBXResourcesBuildPhase section */
		18A5D0272563099D00A3B639 /* Resources */ = {
			isa = PBXResourcesBuildPhase;
			buildActionMask = 2147483647;
			files = (
				18A5D03C2563099F00A3B639 /* LaunchScreen.storyboard in Resources */,
				18A5D0392563099F00A3B639 /* Assets.xcassets in Resources */,
				18A5D0342563099D00A3B639 /* Main.storyboard in Resources */,
				18A5D0702563189600A3B639 /* brandon-grotesque-light-58a8a4b38001d.otf in Resources */,
			);
			runOnlyForDeploymentPostprocessing = 0;
		};
		18A5D040256309A000A3B639 /* Resources */ = {
			isa = PBXResourcesBuildPhase;
			buildActionMask = 2147483647;
			files = (
			);
			runOnlyForDeploymentPostprocessing = 0;
		};
		18A5D04B256309A000A3B639 /* Resources */ = {
			isa = PBXResourcesBuildPhase;
			buildActionMask = 2147483647;
			files = (
			);
			runOnlyForDeploymentPostprocessing = 0;
		};
/* End PBXResourcesBuildPhase section */

/* Begin PBXShellScriptBuildPhase section */
		3184FDEA5E4806BA8ECF22AF /* [CP] Embed Pods Frameworks */ = {
			isa = PBXShellScriptBuildPhase;
			buildActionMask = 2147483647;
			files = (
			);
			inputFileListPaths = (
				"${PODS_ROOT}/Target Support Files/Pods-Reciplease-RecipleaseUITests/Pods-Reciplease-RecipleaseUITests-frameworks-${CONFIGURATION}-input-files.xcfilelist",
			);
			name = "[CP] Embed Pods Frameworks";
			outputFileListPaths = (
				"${PODS_ROOT}/Target Support Files/Pods-Reciplease-RecipleaseUITests/Pods-Reciplease-RecipleaseUITests-frameworks-${CONFIGURATION}-output-files.xcfilelist",
			);
			runOnlyForDeploymentPostprocessing = 0;
			shellPath = /bin/sh;
			shellScript = "\"${PODS_ROOT}/Target Support Files/Pods-Reciplease-RecipleaseUITests/Pods-Reciplease-RecipleaseUITests-frameworks.sh\"\n";
			showEnvVarsInLog = 0;
		};
		3240EDC10979597F02ED2C52 /* [CP] Check Pods Manifest.lock */ = {
			isa = PBXShellScriptBuildPhase;
			buildActionMask = 2147483647;
			files = (
			);
			inputFileListPaths = (
			);
			inputPaths = (
				"${PODS_PODFILE_DIR_PATH}/Podfile.lock",
				"${PODS_ROOT}/Manifest.lock",
			);
			name = "[CP] Check Pods Manifest.lock";
			outputFileListPaths = (
			);
			outputPaths = (
				"$(DERIVED_FILE_DIR)/Pods-Reciplease-checkManifestLockResult.txt",
			);
			runOnlyForDeploymentPostprocessing = 0;
			shellPath = /bin/sh;
			shellScript = "diff \"${PODS_PODFILE_DIR_PATH}/Podfile.lock\" \"${PODS_ROOT}/Manifest.lock\" > /dev/null\nif [ $? != 0 ] ; then\n    # print error to STDERR\n    echo \"error: The sandbox is not in sync with the Podfile.lock. Run 'pod install' or update your CocoaPods installation.\" >&2\n    exit 1\nfi\n# This output is used by Xcode 'outputs' to avoid re-running this script phase.\necho \"SUCCESS\" > \"${SCRIPT_OUTPUT_FILE_0}\"\n";
			showEnvVarsInLog = 0;
		};
		7FDB9332A01AB3AC718B8681 /* [CP] Check Pods Manifest.lock */ = {
			isa = PBXShellScriptBuildPhase;
			buildActionMask = 2147483647;
			files = (
			);
			inputFileListPaths = (
			);
			inputPaths = (
				"${PODS_PODFILE_DIR_PATH}/Podfile.lock",
				"${PODS_ROOT}/Manifest.lock",
			);
			name = "[CP] Check Pods Manifest.lock";
			outputFileListPaths = (
			);
			outputPaths = (
				"$(DERIVED_FILE_DIR)/Pods-RecipleaseTests-checkManifestLockResult.txt",
			);
			runOnlyForDeploymentPostprocessing = 0;
			shellPath = /bin/sh;
			shellScript = "diff \"${PODS_PODFILE_DIR_PATH}/Podfile.lock\" \"${PODS_ROOT}/Manifest.lock\" > /dev/null\nif [ $? != 0 ] ; then\n    # print error to STDERR\n    echo \"error: The sandbox is not in sync with the Podfile.lock. Run 'pod install' or update your CocoaPods installation.\" >&2\n    exit 1\nfi\n# This output is used by Xcode 'outputs' to avoid re-running this script phase.\necho \"SUCCESS\" > \"${SCRIPT_OUTPUT_FILE_0}\"\n";
			showEnvVarsInLog = 0;
		};
		9741E1756AF1A7A9013ECE87 /* [CP] Embed Pods Frameworks */ = {
			isa = PBXShellScriptBuildPhase;
			buildActionMask = 2147483647;
			files = (
			);
			inputFileListPaths = (
				"${PODS_ROOT}/Target Support Files/Pods-Reciplease/Pods-Reciplease-frameworks-${CONFIGURATION}-input-files.xcfilelist",
			);
			name = "[CP] Embed Pods Frameworks";
			outputFileListPaths = (
				"${PODS_ROOT}/Target Support Files/Pods-Reciplease/Pods-Reciplease-frameworks-${CONFIGURATION}-output-files.xcfilelist",
			);
			runOnlyForDeploymentPostprocessing = 0;
			shellPath = /bin/sh;
			shellScript = "\"${PODS_ROOT}/Target Support Files/Pods-Reciplease/Pods-Reciplease-frameworks.sh\"\n";
			showEnvVarsInLog = 0;
		};
		D8D8B60D726E2F5BBBC4E7B5 /* [CP] Check Pods Manifest.lock */ = {
			isa = PBXShellScriptBuildPhase;
			buildActionMask = 2147483647;
			files = (
			);
			inputFileListPaths = (
			);
			inputPaths = (
				"${PODS_PODFILE_DIR_PATH}/Podfile.lock",
				"${PODS_ROOT}/Manifest.lock",
			);
			name = "[CP] Check Pods Manifest.lock";
			outputFileListPaths = (
			);
			outputPaths = (
				"$(DERIVED_FILE_DIR)/Pods-Reciplease-RecipleaseUITests-checkManifestLockResult.txt",
			);
			runOnlyForDeploymentPostprocessing = 0;
			shellPath = /bin/sh;
			shellScript = "diff \"${PODS_PODFILE_DIR_PATH}/Podfile.lock\" \"${PODS_ROOT}/Manifest.lock\" > /dev/null\nif [ $? != 0 ] ; then\n    # print error to STDERR\n    echo \"error: The sandbox is not in sync with the Podfile.lock. Run 'pod install' or update your CocoaPods installation.\" >&2\n    exit 1\nfi\n# This output is used by Xcode 'outputs' to avoid re-running this script phase.\necho \"SUCCESS\" > \"${SCRIPT_OUTPUT_FILE_0}\"\n";
			showEnvVarsInLog = 0;
		};
/* End PBXShellScriptBuildPhase section */

/* Begin PBXSourcesBuildPhase section */
		18A5D0252563099D00A3B639 /* Sources */ = {
			isa = PBXSourcesBuildPhase;
			buildActionMask = 2147483647;
			files = (
				18CC0BA825703836003DD6F0 /* RecipeTableViewController.swift in Sources */,
				18DD6C57256340700093ECAC /* SearchViewController.swift in Sources */,
				18A5D0372563099D00A3B639 /* Reciplease.xcdatamodeld in Sources */,
				18CC0BAD25704145003DD6F0 /* RecipeTableViewCell.swift in Sources */,
				18A5D02D2563099D00A3B639 /* AppDelegate.swift in Sources */,
				18CC0BEB25780663003DD6F0 /* RecipeData.swift in Sources */,
				1844D896256424BA0045B68D /* RecipesQueryNetworkManager.swift in Sources */,
				1844D88D25640C9E0045B68D /* Constants.swift in Sources */,
				1844D8A625642C0B0045B68D /* ServiceContainer.swift in Sources */,
				1844D8E72566BCD20045B68D /* UIRoundedView.swift in Sources */,
				18CC0BC52576D193003DD6F0 /* DetailledRecipeViewController.swift in Sources */,
				18CC0BF02579C6BE003DD6F0 /* RecipeDataManager.swift in Sources */,
				1844D8BC25649FBF0045B68D /* RecipeImageNetworkManager.swift in Sources */,
				1844D8DC2566BB430045B68D /* UIRoundedButton.swift in Sources */,
				1844D8A1256427000045B68D /* AlertManager.swift in Sources */,
				1844D8AB25646A480045B68D /* Recipes.swift in Sources */,
				18A5D02F2563099D00A3B639 /* SceneDelegate.swift in Sources */,
				1844D8D62564A8DC0045B68D /* DisplayableRecipe.swift in Sources */,
				1844D8F42566BE8D0045B68D /* UIGradientView.swift in Sources */,
				1844D8B7256474F70045B68D /* NetworkError.swift in Sources */,
			);
			runOnlyForDeploymentPostprocessing = 0;
		};
		18A5D03E256309A000A3B639 /* Sources */ = {
			isa = PBXSourcesBuildPhase;
			buildActionMask = 2147483647;
			files = (
				18A5D047256309A000A3B639 /* RecipleaseTests.swift in Sources */,
			);
			runOnlyForDeploymentPostprocessing = 0;
		};
		18A5D049256309A000A3B639 /* Sources */ = {
			isa = PBXSourcesBuildPhase;
			buildActionMask = 2147483647;
			files = (
				18A5D052256309A000A3B639 /* RecipleaseUITests.swift in Sources */,
			);
			runOnlyForDeploymentPostprocessing = 0;
		};
/* End PBXSourcesBuildPhase section */

/* Begin PBXTargetDependency section */
		18A5D044256309A000A3B639 /* PBXTargetDependency */ = {
			isa = PBXTargetDependency;
			target = 18A5D0282563099D00A3B639 /* Reciplease */;
			targetProxy = 18A5D043256309A000A3B639 /* PBXContainerItemProxy */;
		};
		18A5D04F256309A000A3B639 /* PBXTargetDependency */ = {
			isa = PBXTargetDependency;
			target = 18A5D0282563099D00A3B639 /* Reciplease */;
			targetProxy = 18A5D04E256309A000A3B639 /* PBXContainerItemProxy */;
		};
/* End PBXTargetDependency section */

/* Begin PBXVariantGroup section */
		18A5D0322563099D00A3B639 /* Main.storyboard */ = {
			isa = PBXVariantGroup;
			children = (
				18A5D0332563099D00A3B639 /* Base */,
			);
			name = Main.storyboard;
			sourceTree = "<group>";
		};
		18A5D03A2563099F00A3B639 /* LaunchScreen.storyboard */ = {
			isa = PBXVariantGroup;
			children = (
				18A5D03B2563099F00A3B639 /* Base */,
			);
			name = LaunchScreen.storyboard;
			sourceTree = "<group>";
		};
/* End PBXVariantGroup section */

/* Begin XCBuildConfiguration section */
		18A5D054256309A000A3B639 /* Debug */ = {
			isa = XCBuildConfiguration;
			buildSettings = {
				ALWAYS_SEARCH_USER_PATHS = NO;
				CLANG_ANALYZER_NONNULL = YES;
				CLANG_ANALYZER_NUMBER_OBJECT_CONVERSION = YES_AGGRESSIVE;
				CLANG_CXX_LANGUAGE_STANDARD = "gnu++14";
				CLANG_CXX_LIBRARY = "libc++";
				CLANG_ENABLE_MODULES = YES;
				CLANG_ENABLE_OBJC_ARC = YES;
				CLANG_ENABLE_OBJC_WEAK = YES;
				CLANG_WARN_BLOCK_CAPTURE_AUTORELEASING = YES;
				CLANG_WARN_BOOL_CONVERSION = YES;
				CLANG_WARN_COMMA = YES;
				CLANG_WARN_CONSTANT_CONVERSION = YES;
				CLANG_WARN_DEPRECATED_OBJC_IMPLEMENTATIONS = YES;
				CLANG_WARN_DIRECT_OBJC_ISA_USAGE = YES_ERROR;
				CLANG_WARN_DOCUMENTATION_COMMENTS = YES;
				CLANG_WARN_EMPTY_BODY = YES;
				CLANG_WARN_ENUM_CONVERSION = YES;
				CLANG_WARN_INFINITE_RECURSION = YES;
				CLANG_WARN_INT_CONVERSION = YES;
				CLANG_WARN_NON_LITERAL_NULL_CONVERSION = YES;
				CLANG_WARN_OBJC_IMPLICIT_RETAIN_SELF = YES;
				CLANG_WARN_OBJC_LITERAL_CONVERSION = YES;
				CLANG_WARN_OBJC_ROOT_CLASS = YES_ERROR;
				CLANG_WARN_QUOTED_INCLUDE_IN_FRAMEWORK_HEADER = YES;
				CLANG_WARN_RANGE_LOOP_ANALYSIS = YES;
				CLANG_WARN_STRICT_PROTOTYPES = YES;
				CLANG_WARN_SUSPICIOUS_MOVE = YES;
				CLANG_WARN_UNGUARDED_AVAILABILITY = YES_AGGRESSIVE;
				CLANG_WARN_UNREACHABLE_CODE = YES;
				CLANG_WARN__DUPLICATE_METHOD_MATCH = YES;
				COPY_PHASE_STRIP = NO;
				DEBUG_INFORMATION_FORMAT = dwarf;
				ENABLE_STRICT_OBJC_MSGSEND = YES;
				ENABLE_TESTABILITY = YES;
				GCC_C_LANGUAGE_STANDARD = gnu11;
				GCC_DYNAMIC_NO_PIC = NO;
				GCC_NO_COMMON_BLOCKS = YES;
				GCC_OPTIMIZATION_LEVEL = 0;
				GCC_PREPROCESSOR_DEFINITIONS = (
					"DEBUG=1",
					"$(inherited)",
				);
				GCC_WARN_64_TO_32_BIT_CONVERSION = YES;
				GCC_WARN_ABOUT_RETURN_TYPE = YES_ERROR;
				GCC_WARN_UNDECLARED_SELECTOR = YES;
				GCC_WARN_UNINITIALIZED_AUTOS = YES_AGGRESSIVE;
				GCC_WARN_UNUSED_FUNCTION = YES;
				GCC_WARN_UNUSED_VARIABLE = YES;
				IPHONEOS_DEPLOYMENT_TARGET = 14.2;
				MTL_ENABLE_DEBUG_INFO = INCLUDE_SOURCE;
				MTL_FAST_MATH = YES;
				ONLY_ACTIVE_ARCH = YES;
				SDKROOT = iphoneos;
				SWIFT_ACTIVE_COMPILATION_CONDITIONS = DEBUG;
				SWIFT_OPTIMIZATION_LEVEL = "-Onone";
			};
			name = Debug;
		};
		18A5D055256309A000A3B639 /* Release */ = {
			isa = XCBuildConfiguration;
			buildSettings = {
				ALWAYS_SEARCH_USER_PATHS = NO;
				CLANG_ANALYZER_NONNULL = YES;
				CLANG_ANALYZER_NUMBER_OBJECT_CONVERSION = YES_AGGRESSIVE;
				CLANG_CXX_LANGUAGE_STANDARD = "gnu++14";
				CLANG_CXX_LIBRARY = "libc++";
				CLANG_ENABLE_MODULES = YES;
				CLANG_ENABLE_OBJC_ARC = YES;
				CLANG_ENABLE_OBJC_WEAK = YES;
				CLANG_WARN_BLOCK_CAPTURE_AUTORELEASING = YES;
				CLANG_WARN_BOOL_CONVERSION = YES;
				CLANG_WARN_COMMA = YES;
				CLANG_WARN_CONSTANT_CONVERSION = YES;
				CLANG_WARN_DEPRECATED_OBJC_IMPLEMENTATIONS = YES;
				CLANG_WARN_DIRECT_OBJC_ISA_USAGE = YES_ERROR;
				CLANG_WARN_DOCUMENTATION_COMMENTS = YES;
				CLANG_WARN_EMPTY_BODY = YES;
				CLANG_WARN_ENUM_CONVERSION = YES;
				CLANG_WARN_INFINITE_RECURSION = YES;
				CLANG_WARN_INT_CONVERSION = YES;
				CLANG_WARN_NON_LITERAL_NULL_CONVERSION = YES;
				CLANG_WARN_OBJC_IMPLICIT_RETAIN_SELF = YES;
				CLANG_WARN_OBJC_LITERAL_CONVERSION = YES;
				CLANG_WARN_OBJC_ROOT_CLASS = YES_ERROR;
				CLANG_WARN_QUOTED_INCLUDE_IN_FRAMEWORK_HEADER = YES;
				CLANG_WARN_RANGE_LOOP_ANALYSIS = YES;
				CLANG_WARN_STRICT_PROTOTYPES = YES;
				CLANG_WARN_SUSPICIOUS_MOVE = YES;
				CLANG_WARN_UNGUARDED_AVAILABILITY = YES_AGGRESSIVE;
				CLANG_WARN_UNREACHABLE_CODE = YES;
				CLANG_WARN__DUPLICATE_METHOD_MATCH = YES;
				COPY_PHASE_STRIP = NO;
				DEBUG_INFORMATION_FORMAT = "dwarf-with-dsym";
				ENABLE_NS_ASSERTIONS = NO;
				ENABLE_STRICT_OBJC_MSGSEND = YES;
				GCC_C_LANGUAGE_STANDARD = gnu11;
				GCC_NO_COMMON_BLOCKS = YES;
				GCC_WARN_64_TO_32_BIT_CONVERSION = YES;
				GCC_WARN_ABOUT_RETURN_TYPE = YES_ERROR;
				GCC_WARN_UNDECLARED_SELECTOR = YES;
				GCC_WARN_UNINITIALIZED_AUTOS = YES_AGGRESSIVE;
				GCC_WARN_UNUSED_FUNCTION = YES;
				GCC_WARN_UNUSED_VARIABLE = YES;
				IPHONEOS_DEPLOYMENT_TARGET = 14.2;
				MTL_ENABLE_DEBUG_INFO = NO;
				MTL_FAST_MATH = YES;
				SDKROOT = iphoneos;
				SWIFT_COMPILATION_MODE = wholemodule;
				SWIFT_OPTIMIZATION_LEVEL = "-O";
				VALIDATE_PRODUCT = YES;
			};
			name = Release;
		};
		18A5D057256309A000A3B639 /* Debug */ = {
			isa = XCBuildConfiguration;
			baseConfigurationReference = 3982614C53FCF694E1552492 /* Pods-Reciplease.debug.xcconfig */;
			buildSettings = {
				ASSETCATALOG_COMPILER_APPICON_NAME = AppIcon;
				ASSETCATALOG_COMPILER_GLOBAL_ACCENT_COLOR_NAME = AccentColor;
				CODE_SIGN_STYLE = Automatic;
				INFOPLIST_FILE = "Reciplease/Supporting Files/Info.plist";
				LD_RUNPATH_SEARCH_PATHS = (
					"$(inherited)",
					"@executable_path/Frameworks",
				);
				PRODUCT_BUNDLE_IDENTIFIER = com.openclassrooms.Reciplease;
				PRODUCT_NAME = "$(TARGET_NAME)";
				SWIFT_VERSION = 5.0;
				TARGETED_DEVICE_FAMILY = "1,2";
			};
			name = Debug;
		};
		18A5D058256309A000A3B639 /* Release */ = {
			isa = XCBuildConfiguration;
			baseConfigurationReference = EE7A6A15F5AC0E7707D69AD3 /* Pods-Reciplease.release.xcconfig */;
			buildSettings = {
				ASSETCATALOG_COMPILER_APPICON_NAME = AppIcon;
				ASSETCATALOG_COMPILER_GLOBAL_ACCENT_COLOR_NAME = AccentColor;
				CODE_SIGN_STYLE = Automatic;
				INFOPLIST_FILE = "Reciplease/Supporting Files/Info.plist";
				LD_RUNPATH_SEARCH_PATHS = (
					"$(inherited)",
					"@executable_path/Frameworks",
				);
				PRODUCT_BUNDLE_IDENTIFIER = com.openclassrooms.Reciplease;
				PRODUCT_NAME = "$(TARGET_NAME)";
				SWIFT_VERSION = 5.0;
				TARGETED_DEVICE_FAMILY = "1,2";
			};
			name = Release;
		};
		18A5D05A256309A000A3B639 /* Debug */ = {
			isa = XCBuildConfiguration;
			baseConfigurationReference = 992A64882551F33F559DACB5 /* Pods-RecipleaseTests.debug.xcconfig */;
			buildSettings = {
				ALWAYS_EMBED_SWIFT_STANDARD_LIBRARIES = YES;
				BUNDLE_LOADER = "$(TEST_HOST)";
				CODE_SIGN_STYLE = Automatic;
				INFOPLIST_FILE = RecipleaseTests/Info.plist;
				IPHONEOS_DEPLOYMENT_TARGET = 14.2;
				LD_RUNPATH_SEARCH_PATHS = (
					"$(inherited)",
					"@executable_path/Frameworks",
					"@loader_path/Frameworks",
				);
				PRODUCT_BUNDLE_IDENTIFIER = com.openclassrooms.RecipleaseTests;
				PRODUCT_NAME = "$(TARGET_NAME)";
				SWIFT_VERSION = 5.0;
				TARGETED_DEVICE_FAMILY = "1,2";
				TEST_HOST = "$(BUILT_PRODUCTS_DIR)/Reciplease.app/Reciplease";
			};
			name = Debug;
		};
		18A5D05B256309A000A3B639 /* Release */ = {
			isa = XCBuildConfiguration;
			baseConfigurationReference = AF5505037C686F266CA28785 /* Pods-RecipleaseTests.release.xcconfig */;
			buildSettings = {
				ALWAYS_EMBED_SWIFT_STANDARD_LIBRARIES = YES;
				BUNDLE_LOADER = "$(TEST_HOST)";
				CODE_SIGN_STYLE = Automatic;
				INFOPLIST_FILE = RecipleaseTests/Info.plist;
				IPHONEOS_DEPLOYMENT_TARGET = 14.2;
				LD_RUNPATH_SEARCH_PATHS = (
					"$(inherited)",
					"@executable_path/Frameworks",
					"@loader_path/Frameworks",
				);
				PRODUCT_BUNDLE_IDENTIFIER = com.openclassrooms.RecipleaseTests;
				PRODUCT_NAME = "$(TARGET_NAME)";
				SWIFT_VERSION = 5.0;
				TARGETED_DEVICE_FAMILY = "1,2";
				TEST_HOST = "$(BUILT_PRODUCTS_DIR)/Reciplease.app/Reciplease";
			};
			name = Release;
		};
		18A5D05D256309A000A3B639 /* Debug */ = {
			isa = XCBuildConfiguration;
			baseConfigurationReference = E7BEE916253301E03E21B07F /* Pods-Reciplease-RecipleaseUITests.debug.xcconfig */;
			buildSettings = {
				ALWAYS_EMBED_SWIFT_STANDARD_LIBRARIES = YES;
				CODE_SIGN_STYLE = Automatic;
				INFOPLIST_FILE = RecipleaseUITests/Info.plist;
				LD_RUNPATH_SEARCH_PATHS = (
					"$(inherited)",
					"@executable_path/Frameworks",
					"@loader_path/Frameworks",
				);
				PRODUCT_BUNDLE_IDENTIFIER = com.openclassrooms.RecipleaseUITests;
				PRODUCT_NAME = "$(TARGET_NAME)";
				SWIFT_VERSION = 5.0;
				TARGETED_DEVICE_FAMILY = "1,2";
				TEST_TARGET_NAME = Reciplease;
			};
			name = Debug;
		};
		18A5D05E256309A000A3B639 /* Release */ = {
			isa = XCBuildConfiguration;
			baseConfigurationReference = CAA7BF68CC19C8C09A713D11 /* Pods-Reciplease-RecipleaseUITests.release.xcconfig */;
			buildSettings = {
				ALWAYS_EMBED_SWIFT_STANDARD_LIBRARIES = YES;
				CODE_SIGN_STYLE = Automatic;
				INFOPLIST_FILE = RecipleaseUITests/Info.plist;
				LD_RUNPATH_SEARCH_PATHS = (
					"$(inherited)",
					"@executable_path/Frameworks",
					"@loader_path/Frameworks",
				);
				PRODUCT_BUNDLE_IDENTIFIER = com.openclassrooms.RecipleaseUITests;
				PRODUCT_NAME = "$(TARGET_NAME)";
				SWIFT_VERSION = 5.0;
				TARGETED_DEVICE_FAMILY = "1,2";
				TEST_TARGET_NAME = Reciplease;
			};
			name = Release;
		};
/* End XCBuildConfiguration section */

/* Begin XCConfigurationList section */
		18A5D0242563099D00A3B639 /* Build configuration list for PBXProject "Reciplease" */ = {
			isa = XCConfigurationList;
			buildConfigurations = (
				18A5D054256309A000A3B639 /* Debug */,
				18A5D055256309A000A3B639 /* Release */,
			);
			defaultConfigurationIsVisible = 0;
			defaultConfigurationName = Release;
		};
		18A5D056256309A000A3B639 /* Build configuration list for PBXNativeTarget "Reciplease" */ = {
			isa = XCConfigurationList;
			buildConfigurations = (
				18A5D057256309A000A3B639 /* Debug */,
				18A5D058256309A000A3B639 /* Release */,
			);
			defaultConfigurationIsVisible = 0;
			defaultConfigurationName = Release;
		};
		18A5D059256309A000A3B639 /* Build configuration list for PBXNativeTarget "RecipleaseTests" */ = {
			isa = XCConfigurationList;
			buildConfigurations = (
				18A5D05A256309A000A3B639 /* Debug */,
				18A5D05B256309A000A3B639 /* Release */,
			);
			defaultConfigurationIsVisible = 0;
			defaultConfigurationName = Release;
		};
		18A5D05C256309A000A3B639 /* Build configuration list for PBXNativeTarget "RecipleaseUITests" */ = {
			isa = XCConfigurationList;
			buildConfigurations = (
				18A5D05D256309A000A3B639 /* Debug */,
				18A5D05E256309A000A3B639 /* Release */,
			);
			defaultConfigurationIsVisible = 0;
			defaultConfigurationName = Release;
		};
/* End XCConfigurationList section */

/* Begin XCVersionGroup section */
		18A5D0352563099D00A3B639 /* Reciplease.xcdatamodeld */ = {
			isa = XCVersionGroup;
			children = (
				18A5D0362563099D00A3B639 /* Reciplease.xcdatamodel */,
			);
			currentVersion = 18A5D0362563099D00A3B639 /* Reciplease.xcdatamodel */;
			path = Reciplease.xcdatamodeld;
			sourceTree = "<group>";
			versionGroupType = wrapper.xcdatamodel;
		};
/* End XCVersionGroup section */
	};
	rootObject = 18A5D0212563099D00A3B639 /* Project object */;
}
